
Microsoft Visual Studio Solution File, Format Version 12.00
# Visual Studio 15
VisualStudioVersion = 15.0.27130.2027
MinimumVisualStudioVersion = 10.0.40219.1
Project("{FAE04EC0-301F-11D3-BF4B-00C04F79EFBC}") = "Main", "Main\Main.csproj", "{961AFC5F-188B-49F9-BCF6-04839A130999}"
EndProject
Global
	GlobalSection(SolutionConfigurationPlatforms) = preSolution
		Debug|Any CPU = Debug|Any CPU
		Release|Any CPU = Release|Any CPU
	EndGlobalSection
	GlobalSection(ProjectConfigurationPlatforms) = postSolution
		{961AFC5F-188B-49F9-BCF6-04839A130999}.Debug|Any CPU.ActiveCfg = Debug|Any CPU
		{961AFC5F-188B-49F9-BCF6-04839A130999}.Debug|Any CPU.Build.0 = Debug|Any CPU
		{961AFC5F-188B-49F9-BCF6-04839A130999}.Release|Any CPU.ActiveCfg = Release|Any CPU
		{961AFC5F-188B-49F9-BCF6-04839A130999}.Release|Any CPU.Build.0 = Release|Any CPU
	EndGlobalSection
	GlobalSection(SolutionProperties) = preSolution
		HideSolutionNode = FALSE
	EndGlobalSection
	GlobalSection(ExtensibilityGlobals) = postSolution
		SolutionGuid = {1AD93A2B-0F14-4F0F-A82B-D3A32FF65C80}
	EndGlobalSection
EndGlobal
